// !$*UTF8*$!
{
	archiveVersion = 1;
	classes = {
	};
	objectVersion = 50;
	objects = {

/* Begin PBXBuildFile section */
		074BBBAF3EE61792A13515AF /* Pods_WheaterUITests.framework in Frameworks */ = {isa = PBXBuildFile; fileRef = 7799DD7DC940E2FC0B7A05F4 /* Pods_WheaterUITests.framework */; };
		AC567F4620D2744D00289E44 /* AppDelegate.swift in Sources */ = {isa = PBXBuildFile; fileRef = AC567F4520D2744D00289E44 /* AppDelegate.swift */; };
		AC567F4820D2744D00289E44 /* LoginViewController.swift in Sources */ = {isa = PBXBuildFile; fileRef = AC567F4720D2744D00289E44 /* LoginViewController.swift */; };
		AC567F4B20D2744D00289E44 /* Main.storyboard in Resources */ = {isa = PBXBuildFile; fileRef = AC567F4920D2744D00289E44 /* Main.storyboard */; };
		AC567F4D20D2744F00289E44 /* Assets.xcassets in Resources */ = {isa = PBXBuildFile; fileRef = AC567F4C20D2744F00289E44 /* Assets.xcassets */; };
		AC567F5B20D2744F00289E44 /* WheaterTests.swift in Sources */ = {isa = PBXBuildFile; fileRef = AC567F5A20D2744F00289E44 /* WheaterTests.swift */; };
		AC567F6620D2744F00289E44 /* WheaterUITests.swift in Sources */ = {isa = PBXBuildFile; fileRef = AC567F6520D2744F00289E44 /* WheaterUITests.swift */; };
		AC5A80A120E512B100531987 /* VkAuthViewController.swift in Sources */ = {isa = PBXBuildFile; fileRef = AC5A80A020E512B100531987 /* VkAuthViewController.swift */; };
		AC5A80A420E5140C00531987 /* VKClient.swift in Sources */ = {isa = PBXBuildFile; fileRef = AC5A80A320E5140C00531987 /* VKClient.swift */; };
		AC5A80A620E5297300531987 /* .gitignore in Resources */ = {isa = PBXBuildFile; fileRef = AC5A80A520E5297300531987 /* .gitignore */; };
		AC6C520720E1185600BF47B3 /* AllGroupsTableViewController.swift in Sources */ = {isa = PBXBuildFile; fileRef = AC6C520620E1185600BF47B3 /* AllGroupsTableViewController.swift */; };
		ACA7B11E20E0DCFA00E4A81D /* PhotosCollectionViewCell.swift in Sources */ = {isa = PBXBuildFile; fileRef = ACA7B11D20E0DCFA00E4A81D /* PhotosCollectionViewCell.swift */; };
		ACA7B12020E0DE4000E4A81D /* PhotosCollectionViewController.swift in Sources */ = {isa = PBXBuildFile; fileRef = ACA7B11F20E0DE4000E4A81D /* PhotosCollectionViewController.swift */; };
		ACA7B12220E0DF2F00E4A81D /* Photo.swift in Sources */ = {isa = PBXBuildFile; fileRef = ACA7B12120E0DF2F00E4A81D /* Photo.swift */; };
		ACA7B12420E0EB9900E4A81D /* GroupsTableViewController.swift in Sources */ = {isa = PBXBuildFile; fileRef = ACA7B12320E0EB9900E4A81D /* GroupsTableViewController.swift */; };
		ACA7B12620E0EC4800E4A81D /* Group.swift in Sources */ = {isa = PBXBuildFile; fileRef = ACA7B12520E0EC4800E4A81D /* Group.swift */; };
		ACA7B12820E10C2F00E4A81D /* GroupTableViewCell.swift in Sources */ = {isa = PBXBuildFile; fileRef = ACA7B12720E10C2F00E4A81D /* GroupTableViewCell.swift */; };
		ACF649D420E0C671001AC503 /* FriendsTableViewController.swift in Sources */ = {isa = PBXBuildFile; fileRef = ACF649D320E0C671001AC503 /* FriendsTableViewController.swift */; };
		ACF649D620E0C722001AC503 /* Friend.swift in Sources */ = {isa = PBXBuildFile; fileRef = ACF649D520E0C722001AC503 /* Friend.swift */; };
		ACF649D820E0CC06001AC503 /* FriendTableViewCell.swift in Sources */ = {isa = PBXBuildFile; fileRef = ACF649D720E0CC06001AC503 /* FriendTableViewCell.swift */; };
		DEA6F3000BB8107E31E9857D /* Pods_Wheater.framework in Frameworks */ = {isa = PBXBuildFile; fileRef = 3ECEE5A4230FA8E602BA4A67 /* Pods_Wheater.framework */; };
		F5C3933C94078FB5DB3FCC4F /* Pods_WheaterTests.framework in Frameworks */ = {isa = PBXBuildFile; fileRef = F17618D3CF5D3275234C75D4 /* Pods_WheaterTests.framework */; };
/* End PBXBuildFile section */

/* Begin PBXContainerItemProxy section */
		AC567F5720D2744F00289E44 /* PBXContainerItemProxy */ = {
			isa = PBXContainerItemProxy;
			containerPortal = AC567F3A20D2744D00289E44 /* Project object */;
			proxyType = 1;
			remoteGlobalIDString = AC567F4120D2744D00289E44;
			remoteInfo = Wheater;
		};
		AC567F6220D2744F00289E44 /* PBXContainerItemProxy */ = {
			isa = PBXContainerItemProxy;
			containerPortal = AC567F3A20D2744D00289E44 /* Project object */;
			proxyType = 1;
			remoteGlobalIDString = AC567F4120D2744D00289E44;
			remoteInfo = Wheater;
		};
/* End PBXContainerItemProxy section */

/* Begin PBXFileReference section */
		166093843535806072DAAE4B /* Pods-Wheater.release.xcconfig */ = {isa = PBXFileReference; includeInIndex = 1; lastKnownFileType = text.xcconfig; name = "Pods-Wheater.release.xcconfig"; path = "Pods/Target Support Files/Pods-Wheater/Pods-Wheater.release.xcconfig"; sourceTree = "<group>"; };
		1B2957B4F15F3A630C603488 /* Pods-WheaterTests.debug.xcconfig */ = {isa = PBXFileReference; includeInIndex = 1; lastKnownFileType = text.xcconfig; name = "Pods-WheaterTests.debug.xcconfig"; path = "Pods/Target Support Files/Pods-WheaterTests/Pods-WheaterTests.debug.xcconfig"; sourceTree = "<group>"; };
		3ECEE5A4230FA8E602BA4A67 /* Pods_Wheater.framework */ = {isa = PBXFileReference; explicitFileType = wrapper.framework; includeInIndex = 0; path = Pods_Wheater.framework; sourceTree = BUILT_PRODUCTS_DIR; };
		5C92611F6353FE5FBAF3C63D /* Pods-WheaterUITests.debug.xcconfig */ = {isa = PBXFileReference; includeInIndex = 1; lastKnownFileType = text.xcconfig; name = "Pods-WheaterUITests.debug.xcconfig"; path = "Pods/Target Support Files/Pods-WheaterUITests/Pods-WheaterUITests.debug.xcconfig"; sourceTree = "<group>"; };
		6ECDD41D56C6070A6E0D2981 /* Pods-WheaterUITests.release.xcconfig */ = {isa = PBXFileReference; includeInIndex = 1; lastKnownFileType = text.xcconfig; name = "Pods-WheaterUITests.release.xcconfig"; path = "Pods/Target Support Files/Pods-WheaterUITests/Pods-WheaterUITests.release.xcconfig"; sourceTree = "<group>"; };
		7799DD7DC940E2FC0B7A05F4 /* Pods_WheaterUITests.framework */ = {isa = PBXFileReference; explicitFileType = wrapper.framework; includeInIndex = 0; path = Pods_WheaterUITests.framework; sourceTree = BUILT_PRODUCTS_DIR; };
		82B3B50792662BCCB0F31762 /* Pods-Wheater.debug.xcconfig */ = {isa = PBXFileReference; includeInIndex = 1; lastKnownFileType = text.xcconfig; name = "Pods-Wheater.debug.xcconfig"; path = "Pods/Target Support Files/Pods-Wheater/Pods-Wheater.debug.xcconfig"; sourceTree = "<group>"; };
		9896606AC26824378B5071AD /* Pods-WheaterTests.release.xcconfig */ = {isa = PBXFileReference; includeInIndex = 1; lastKnownFileType = text.xcconfig; name = "Pods-WheaterTests.release.xcconfig"; path = "Pods/Target Support Files/Pods-WheaterTests/Pods-WheaterTests.release.xcconfig"; sourceTree = "<group>"; };
		AC567F4220D2744D00289E44 /* Wheater.app */ = {isa = PBXFileReference; explicitFileType = wrapper.application; includeInIndex = 0; path = Wheater.app; sourceTree = BUILT_PRODUCTS_DIR; };
		AC567F4520D2744D00289E44 /* AppDelegate.swift */ = {isa = PBXFileReference; lastKnownFileType = sourcecode.swift; path = AppDelegate.swift; sourceTree = "<group>"; };
		AC567F4720D2744D00289E44 /* LoginViewController.swift */ = {isa = PBXFileReference; lastKnownFileType = sourcecode.swift; path = LoginViewController.swift; sourceTree = "<group>"; };
		AC567F4A20D2744D00289E44 /* Base */ = {isa = PBXFileReference; lastKnownFileType = file.storyboard; name = Base; path = Base.lproj/Main.storyboard; sourceTree = "<group>"; };
		AC567F4C20D2744F00289E44 /* Assets.xcassets */ = {isa = PBXFileReference; lastKnownFileType = folder.assetcatalog; path = Assets.xcassets; sourceTree = "<group>"; };
		AC567F5120D2744F00289E44 /* Info.plist */ = {isa = PBXFileReference; lastKnownFileType = text.plist.xml; path = Info.plist; sourceTree = "<group>"; };
		AC567F5620D2744F00289E44 /* WheaterTests.xctest */ = {isa = PBXFileReference; explicitFileType = wrapper.cfbundle; includeInIndex = 0; path = WheaterTests.xctest; sourceTree = BUILT_PRODUCTS_DIR; };
		AC567F5A20D2744F00289E44 /* WheaterTests.swift */ = {isa = PBXFileReference; lastKnownFileType = sourcecode.swift; path = WheaterTests.swift; sourceTree = "<group>"; };
		AC567F5C20D2744F00289E44 /* Info.plist */ = {isa = PBXFileReference; lastKnownFileType = text.plist.xml; path = Info.plist; sourceTree = "<group>"; };
		AC567F6120D2744F00289E44 /* WheaterUITests.xctest */ = {isa = PBXFileReference; explicitFileType = wrapper.cfbundle; includeInIndex = 0; path = WheaterUITests.xctest; sourceTree = BUILT_PRODUCTS_DIR; };
		AC567F6520D2744F00289E44 /* WheaterUITests.swift */ = {isa = PBXFileReference; lastKnownFileType = sourcecode.swift; path = WheaterUITests.swift; sourceTree = "<group>"; };
		AC567F6720D2744F00289E44 /* Info.plist */ = {isa = PBXFileReference; lastKnownFileType = text.plist.xml; path = Info.plist; sourceTree = "<group>"; };
		AC5A80A020E512B100531987 /* VkAuthViewController.swift */ = {isa = PBXFileReference; fileEncoding = 4; lastKnownFileType = sourcecode.swift; path = VkAuthViewController.swift; sourceTree = "<group>"; };
		AC5A80A320E5140C00531987 /* VKClient.swift */ = {isa = PBXFileReference; lastKnownFileType = sourcecode.swift; path = VKClient.swift; sourceTree = "<group>"; };
		AC5A80A520E5297300531987 /* .gitignore */ = {isa = PBXFileReference; lastKnownFileType = text; path = .gitignore; sourceTree = "<group>"; };
		AC6C520620E1185600BF47B3 /* AllGroupsTableViewController.swift */ = {isa = PBXFileReference; lastKnownFileType = sourcecode.swift; path = AllGroupsTableViewController.swift; sourceTree = "<group>"; };
		ACA7B11D20E0DCFA00E4A81D /* PhotosCollectionViewCell.swift */ = {isa = PBXFileReference; lastKnownFileType = sourcecode.swift; path = PhotosCollectionViewCell.swift; sourceTree = "<group>"; };
		ACA7B11F20E0DE4000E4A81D /* PhotosCollectionViewController.swift */ = {isa = PBXFileReference; lastKnownFileType = sourcecode.swift; path = PhotosCollectionViewController.swift; sourceTree = "<group>"; };
		ACA7B12120E0DF2F00E4A81D /* Photo.swift */ = {isa = PBXFileReference; lastKnownFileType = sourcecode.swift; path = Photo.swift; sourceTree = "<group>"; };
		ACA7B12320E0EB9900E4A81D /* GroupsTableViewController.swift */ = {isa = PBXFileReference; lastKnownFileType = sourcecode.swift; path = GroupsTableViewController.swift; sourceTree = "<group>"; };
		ACA7B12520E0EC4800E4A81D /* Group.swift */ = {isa = PBXFileReference; lastKnownFileType = sourcecode.swift; path = Group.swift; sourceTree = "<group>"; };
		ACA7B12720E10C2F00E4A81D /* GroupTableViewCell.swift */ = {isa = PBXFileReference; lastKnownFileType = sourcecode.swift; path = GroupTableViewCell.swift; sourceTree = "<group>"; };
		ACF649D320E0C671001AC503 /* FriendsTableViewController.swift */ = {isa = PBXFileReference; lastKnownFileType = sourcecode.swift; path = FriendsTableViewController.swift; sourceTree = "<group>"; };
		ACF649D520E0C722001AC503 /* Friend.swift */ = {isa = PBXFileReference; lastKnownFileType = sourcecode.swift; path = Friend.swift; sourceTree = "<group>"; };
		ACF649D720E0CC06001AC503 /* FriendTableViewCell.swift */ = {isa = PBXFileReference; lastKnownFileType = sourcecode.swift; path = FriendTableViewCell.swift; sourceTree = "<group>"; };
		F17618D3CF5D3275234C75D4 /* Pods_WheaterTests.framework */ = {isa = PBXFileReference; explicitFileType = wrapper.framework; includeInIndex = 0; path = Pods_WheaterTests.framework; sourceTree = BUILT_PRODUCTS_DIR; };
/* End PBXFileReference section */

/* Begin PBXFrameworksBuildPhase section */
		AC567F3F20D2744D00289E44 /* Frameworks */ = {
			isa = PBXFrameworksBuildPhase;
			buildActionMask = 2147483647;
			files = (
				DEA6F3000BB8107E31E9857D /* Pods_Wheater.framework in Frameworks */,
			);
			runOnlyForDeploymentPostprocessing = 0;
		};
		AC567F5320D2744F00289E44 /* Frameworks */ = {
			isa = PBXFrameworksBuildPhase;
			buildActionMask = 2147483647;
			files = (
				F5C3933C94078FB5DB3FCC4F /* Pods_WheaterTests.framework in Frameworks */,
			);
			runOnlyForDeploymentPostprocessing = 0;
		};
		AC567F5E20D2744F00289E44 /* Frameworks */ = {
			isa = PBXFrameworksBuildPhase;
			buildActionMask = 2147483647;
			files = (
				074BBBAF3EE61792A13515AF /* Pods_WheaterUITests.framework in Frameworks */,
			);
			runOnlyForDeploymentPostprocessing = 0;
		};
/* End PBXFrameworksBuildPhase section */

/* Begin PBXGroup section */
		1C4605A157277F505C2DF5AC /* Pods */ = {
			isa = PBXGroup;
			children = (
				82B3B50792662BCCB0F31762 /* Pods-Wheater.debug.xcconfig */,
				166093843535806072DAAE4B /* Pods-Wheater.release.xcconfig */,
				1B2957B4F15F3A630C603488 /* Pods-WheaterTests.debug.xcconfig */,
				9896606AC26824378B5071AD /* Pods-WheaterTests.release.xcconfig */,
				5C92611F6353FE5FBAF3C63D /* Pods-WheaterUITests.debug.xcconfig */,
				6ECDD41D56C6070A6E0D2981 /* Pods-WheaterUITests.release.xcconfig */,
			);
			name = Pods;
			sourceTree = "<group>";
		};
		3BE9D219235453AAB66AACAD /* Frameworks */ = {
			isa = PBXGroup;
			children = (
				3ECEE5A4230FA8E602BA4A67 /* Pods_Wheater.framework */,
				F17618D3CF5D3275234C75D4 /* Pods_WheaterTests.framework */,
				7799DD7DC940E2FC0B7A05F4 /* Pods_WheaterUITests.framework */,
			);
			name = Frameworks;
			sourceTree = "<group>";
		};
		AC567F3920D2744D00289E44 = {
			isa = PBXGroup;
			children = (
				AC5A80A520E5297300531987 /* .gitignore */,
				AC567F4420D2744D00289E44 /* Wheater */,
				AC567F5920D2744F00289E44 /* WheaterTests */,
				AC567F6420D2744F00289E44 /* WheaterUITests */,
				AC567F4320D2744D00289E44 /* Products */,
				1C4605A157277F505C2DF5AC /* Pods */,
				3BE9D219235453AAB66AACAD /* Frameworks */,
			);
			sourceTree = "<group>";
		};
		AC567F4320D2744D00289E44 /* Products */ = {
			isa = PBXGroup;
			children = (
				AC567F4220D2744D00289E44 /* Wheater.app */,
				AC567F5620D2744F00289E44 /* WheaterTests.xctest */,
				AC567F6120D2744F00289E44 /* WheaterUITests.xctest */,
			);
			name = Products;
			sourceTree = "<group>";
		};
		AC567F4420D2744D00289E44 /* Wheater */ = {
			isa = PBXGroup;
			children = (
				AC5A80A220E513EB00531987 /* Services */,
				AC567F7620D3CE7C00289E44 /* App */,
				AC567F7520D3CDA900289E44 /* Models */,
				AC567F7420D3CD9F00289E44 /* Views */,
				AC567F7320D3CD9100289E44 /* Controllers */,
				AC567F4C20D2744F00289E44 /* Assets.xcassets */,
				AC567F5120D2744F00289E44 /* Info.plist */,
			);
			path = Wheater;
			sourceTree = "<group>";
		};
		AC567F5920D2744F00289E44 /* WheaterTests */ = {
			isa = PBXGroup;
			children = (
				AC567F5A20D2744F00289E44 /* WheaterTests.swift */,
				AC567F5C20D2744F00289E44 /* Info.plist */,
			);
			path = WheaterTests;
			sourceTree = "<group>";
		};
		AC567F6420D2744F00289E44 /* WheaterUITests */ = {
			isa = PBXGroup;
			children = (
				AC567F6520D2744F00289E44 /* WheaterUITests.swift */,
				AC567F6720D2744F00289E44 /* Info.plist */,
			);
			path = WheaterUITests;
			sourceTree = "<group>";
		};
		AC567F7320D3CD9100289E44 /* Controllers */ = {
			isa = PBXGroup;
			children = (
				AC5A80A020E512B100531987 /* VkAuthViewController.swift */,
				AC567F4720D2744D00289E44 /* LoginViewController.swift */,
				ACF649D320E0C671001AC503 /* FriendsTableViewController.swift */,
				ACA7B11F20E0DE4000E4A81D /* PhotosCollectionViewController.swift */,
				ACA7B12320E0EB9900E4A81D /* GroupsTableViewController.swift */,
				AC6C520620E1185600BF47B3 /* AllGroupsTableViewController.swift */,
			);
			path = Controllers;
			sourceTree = "<group>";
		};
		AC567F7420D3CD9F00289E44 /* Views */ = {
			isa = PBXGroup;
			children = (
				AC567F4920D2744D00289E44 /* Main.storyboard */,
				ACF649D720E0CC06001AC503 /* FriendTableViewCell.swift */,
				ACA7B11D20E0DCFA00E4A81D /* PhotosCollectionViewCell.swift */,
				ACA7B12720E10C2F00E4A81D /* GroupTableViewCell.swift */,
			);
			path = Views;
			sourceTree = "<group>";
		};
		AC567F7520D3CDA900289E44 /* Models */ = {
			isa = PBXGroup;
			children = (
				ACF649D520E0C722001AC503 /* Friend.swift */,
				ACA7B12120E0DF2F00E4A81D /* Photo.swift */,
				ACA7B12520E0EC4800E4A81D /* Group.swift */,
			);
			path = Models;
			sourceTree = "<group>";
		};
		AC567F7620D3CE7C00289E44 /* App */ = {
			isa = PBXGroup;
			children = (
				AC567F4520D2744D00289E44 /* AppDelegate.swift */,
			);
			path = App;
			sourceTree = "<group>";
		};
		AC5A80A220E513EB00531987 /* Services */ = {
			isa = PBXGroup;
			children = (
				AC5A80A320E5140C00531987 /* VKClient.swift */,
			);
			path = Services;
			sourceTree = "<group>";
		};
/* End PBXGroup section */

/* Begin PBXNativeTarget section */
		AC567F4120D2744D00289E44 /* Wheater */ = {
			isa = PBXNativeTarget;
			buildConfigurationList = AC567F6A20D2744F00289E44 /* Build configuration list for PBXNativeTarget "Wheater" */;
			buildPhases = (
				D2EBCFA760DD9D0827B9B951 /* [CP] Check Pods Manifest.lock */,
				AC567F3E20D2744D00289E44 /* Sources */,
				AC567F3F20D2744D00289E44 /* Frameworks */,
				AC567F4020D2744D00289E44 /* Resources */,
				BA4EFF2C978C6F4F64DE25B8 /* [CP] Embed Pods Frameworks */,
			);
			buildRules = (
			);
			dependencies = (
			);
			name = Wheater;
			productName = Wheater;
			productReference = AC567F4220D2744D00289E44 /* Wheater.app */;
			productType = "com.apple.product-type.application";
		};
		AC567F5520D2744F00289E44 /* WheaterTests */ = {
			isa = PBXNativeTarget;
			buildConfigurationList = AC567F6D20D2744F00289E44 /* Build configuration list for PBXNativeTarget "WheaterTests" */;
			buildPhases = (
				491B74CF85DF07929F4F0834 /* [CP] Check Pods Manifest.lock */,
				AC567F5220D2744F00289E44 /* Sources */,
				AC567F5320D2744F00289E44 /* Frameworks */,
				AC567F5420D2744F00289E44 /* Resources */,
			);
			buildRules = (
			);
			dependencies = (
				AC567F5820D2744F00289E44 /* PBXTargetDependency */,
			);
			name = WheaterTests;
			productName = WheaterTests;
			productReference = AC567F5620D2744F00289E44 /* WheaterTests.xctest */;
			productType = "com.apple.product-type.bundle.unit-test";
		};
		AC567F6020D2744F00289E44 /* WheaterUITests */ = {
			isa = PBXNativeTarget;
			buildConfigurationList = AC567F7020D2744F00289E44 /* Build configuration list for PBXNativeTarget "WheaterUITests" */;
			buildPhases = (
				A43F90FF43FCBCB7AF9C3841 /* [CP] Check Pods Manifest.lock */,
				AC567F5D20D2744F00289E44 /* Sources */,
				AC567F5E20D2744F00289E44 /* Frameworks */,
				AC567F5F20D2744F00289E44 /* Resources */,
			);
			buildRules = (
			);
			dependencies = (
				AC567F6320D2744F00289E44 /* PBXTargetDependency */,
			);
			name = WheaterUITests;
			productName = WheaterUITests;
			productReference = AC567F6120D2744F00289E44 /* WheaterUITests.xctest */;
			productType = "com.apple.product-type.bundle.ui-testing";
		};
/* End PBXNativeTarget section */

/* Begin PBXProject section */
		AC567F3A20D2744D00289E44 /* Project object */ = {
			isa = PBXProject;
			attributes = {
				LastSwiftUpdateCheck = 0940;
				LastUpgradeCheck = 0940;
				ORGANIZATIONNAME = "Артем Сошников";
				TargetAttributes = {
					AC567F4120D2744D00289E44 = {
						CreatedOnToolsVersion = 9.4;
					};
					AC567F5520D2744F00289E44 = {
						CreatedOnToolsVersion = 9.4;
						TestTargetID = AC567F4120D2744D00289E44;
					};
					AC567F6020D2744F00289E44 = {
						CreatedOnToolsVersion = 9.4;
						TestTargetID = AC567F4120D2744D00289E44;
					};
				};
			};
			buildConfigurationList = AC567F3D20D2744D00289E44 /* Build configuration list for PBXProject "Wheater" */;
			compatibilityVersion = "Xcode 9.3";
			developmentRegion = en;
			hasScannedForEncodings = 0;
			knownRegions = (
				en,
				Base,
			);
			mainGroup = AC567F3920D2744D00289E44;
			productRefGroup = AC567F4320D2744D00289E44 /* Products */;
			projectDirPath = "";
			projectRoot = "";
			targets = (
				AC567F4120D2744D00289E44 /* Wheater */,
				AC567F5520D2744F00289E44 /* WheaterTests */,
				AC567F6020D2744F00289E44 /* WheaterUITests */,
			);
		};
/* End PBXProject section */

/* Begin PBXResourcesBuildPhase section */
		AC567F4020D2744D00289E44 /* Resources */ = {
			isa = PBXResourcesBuildPhase;
			buildActionMask = 2147483647;
			files = (
				AC567F4D20D2744F00289E44 /* Assets.xcassets in Resources */,
				AC5A80A620E5297300531987 /* .gitignore in Resources */,
				AC567F4B20D2744D00289E44 /* Main.storyboard in Resources */,
			);
			runOnlyForDeploymentPostprocessing = 0;
		};
		AC567F5420D2744F00289E44 /* Resources */ = {
			isa = PBXResourcesBuildPhase;
			buildActionMask = 2147483647;
			files = (
			);
			runOnlyForDeploymentPostprocessing = 0;
		};
		AC567F5F20D2744F00289E44 /* Resources */ = {
			isa = PBXResourcesBuildPhase;
			buildActionMask = 2147483647;
			files = (
			);
			runOnlyForDeploymentPostprocessing = 0;
		};
/* End PBXResourcesBuildPhase section */

/* Begin PBXShellScriptBuildPhase section */
		491B74CF85DF07929F4F0834 /* [CP] Check Pods Manifest.lock */ = {
			isa = PBXShellScriptBuildPhase;
			buildActionMask = 2147483647;
			files = (
			);
			inputPaths = (
				"${PODS_PODFILE_DIR_PATH}/Podfile.lock",
				"${PODS_ROOT}/Manifest.lock",
			);
			name = "[CP] Check Pods Manifest.lock";
			outputPaths = (
				"$(DERIVED_FILE_DIR)/Pods-WheaterTests-checkManifestLockResult.txt",
			);
			runOnlyForDeploymentPostprocessing = 0;
			shellPath = /bin/sh;
			shellScript = "diff \"${PODS_PODFILE_DIR_PATH}/Podfile.lock\" \"${PODS_ROOT}/Manifest.lock\" > /dev/null\nif [ $? != 0 ] ; then\n    # print error to STDERR\n    echo \"error: The sandbox is not in sync with the Podfile.lock. Run 'pod install' or update your CocoaPods installation.\" >&2\n    exit 1\nfi\n# This output is used by Xcode 'outputs' to avoid re-running this script phase.\necho \"SUCCESS\" > \"${SCRIPT_OUTPUT_FILE_0}\"\n";
			showEnvVarsInLog = 0;
		};
		A43F90FF43FCBCB7AF9C3841 /* [CP] Check Pods Manifest.lock */ = {
			isa = PBXShellScriptBuildPhase;
			buildActionMask = 2147483647;
			files = (
			);
			inputPaths = (
				"${PODS_PODFILE_DIR_PATH}/Podfile.lock",
				"${PODS_ROOT}/Manifest.lock",
			);
			name = "[CP] Check Pods Manifest.lock";
			outputPaths = (
				"$(DERIVED_FILE_DIR)/Pods-WheaterUITests-checkManifestLockResult.txt",
			);
			runOnlyForDeploymentPostprocessing = 0;
			shellPath = /bin/sh;
			shellScript = "diff \"${PODS_PODFILE_DIR_PATH}/Podfile.lock\" \"${PODS_ROOT}/Manifest.lock\" > /dev/null\nif [ $? != 0 ] ; then\n    # print error to STDERR\n    echo \"error: The sandbox is not in sync with the Podfile.lock. Run 'pod install' or update your CocoaPods installation.\" >&2\n    exit 1\nfi\n# This output is used by Xcode 'outputs' to avoid re-running this script phase.\necho \"SUCCESS\" > \"${SCRIPT_OUTPUT_FILE_0}\"\n";
			showEnvVarsInLog = 0;
		};
		BA4EFF2C978C6F4F64DE25B8 /* [CP] Embed Pods Frameworks */ = {
			isa = PBXShellScriptBuildPhase;
			buildActionMask = 2147483647;
			files = (
			);
			inputPaths = (
				"${SRCROOT}/Pods/Target Support Files/Pods-Wheater/Pods-Wheater-frameworks.sh",
				"${BUILT_PRODUCTS_DIR}/Alamofire/Alamofire.framework",
			);
			name = "[CP] Embed Pods Frameworks";
			outputPaths = (
				"${TARGET_BUILD_DIR}/${FRAMEWORKS_FOLDER_PATH}/Alamofire.framework",
			);
			runOnlyForDeploymentPostprocessing = 0;
			shellPath = /bin/sh;
			shellScript = "\"${SRCROOT}/Pods/Target Support Files/Pods-Wheater/Pods-Wheater-frameworks.sh\"\n";
			showEnvVarsInLog = 0;
		};
		D2EBCFA760DD9D0827B9B951 /* [CP] Check Pods Manifest.lock */ = {
			isa = PBXShellScriptBuildPhase;
			buildActionMask = 2147483647;
			files = (
			);
			inputPaths = (
				"${PODS_PODFILE_DIR_PATH}/Podfile.lock",
				"${PODS_ROOT}/Manifest.lock",
			);
			name = "[CP] Check Pods Manifest.lock";
			outputPaths = (
				"$(DERIVED_FILE_DIR)/Pods-Wheater-checkManifestLockResult.txt",
			);
			runOnlyForDeploymentPostprocessing = 0;
			shellPath = /bin/sh;
			shellScript = "diff \"${PODS_PODFILE_DIR_PATH}/Podfile.lock\" \"${PODS_ROOT}/Manifest.lock\" > /dev/null\nif [ $? != 0 ] ; then\n    # print error to STDERR\n    echo \"error: The sandbox is not in sync with the Podfile.lock. Run 'pod install' or update your CocoaPods installation.\" >&2\n    exit 1\nfi\n# This output is used by Xcode 'outputs' to avoid re-running this script phase.\necho \"SUCCESS\" > \"${SCRIPT_OUTPUT_FILE_0}\"\n";
			showEnvVarsInLog = 0;
		};
/* End PBXShellScriptBuildPhase section */

/* Begin PBXSourcesBuildPhase section */
		AC567F3E20D2744D00289E44 /* Sources */ = {
			isa = PBXSourcesBuildPhase;
			buildActionMask = 2147483647;
			files = (
				ACA7B12220E0DF2F00E4A81D /* Photo.swift in Sources */,
				AC567F4820D2744D00289E44 /* LoginViewController.swift in Sources */,
				ACA7B12420E0EB9900E4A81D /* GroupsTableViewController.swift in Sources */,
				AC5A80A420E5140C00531987 /* VKClient.swift in Sources */,
				ACA7B12620E0EC4800E4A81D /* Group.swift in Sources */,
				ACA7B12820E10C2F00E4A81D /* GroupTableViewCell.swift in Sources */,
				AC6C520720E1185600BF47B3 /* AllGroupsTableViewController.swift in Sources */,
				AC5A80A120E512B100531987 /* VkAuthViewController.swift in Sources */,
				AC567F4620D2744D00289E44 /* AppDelegate.swift in Sources */,
				ACF649D820E0CC06001AC503 /* FriendTableViewCell.swift in Sources */,
				ACA7B12020E0DE4000E4A81D /* PhotosCollectionViewController.swift in Sources */,
				ACF649D420E0C671001AC503 /* FriendsTableViewController.swift in Sources */,
				ACF649D620E0C722001AC503 /* Friend.swift in Sources */,
				ACA7B11E20E0DCFA00E4A81D /* PhotosCollectionViewCell.swift in Sources */,
			);
			runOnlyForDeploymentPostprocessing = 0;
		};
		AC567F5220D2744F00289E44 /* Sources */ = {
			isa = PBXSourcesBuildPhase;
			buildActionMask = 2147483647;
			files = (
				AC567F5B20D2744F00289E44 /* WheaterTests.swift in Sources */,
			);
			runOnlyForDeploymentPostprocessing = 0;
		};
		AC567F5D20D2744F00289E44 /* Sources */ = {
			isa = PBXSourcesBuildPhase;
			buildActionMask = 2147483647;
			files = (
				AC567F6620D2744F00289E44 /* WheaterUITests.swift in Sources */,
			);
			runOnlyForDeploymentPostprocessing = 0;
		};
/* End PBXSourcesBuildPhase section */

/* Begin PBXTargetDependency section */
		AC567F5820D2744F00289E44 /* PBXTargetDependency */ = {
			isa = PBXTargetDependency;
			target = AC567F4120D2744D00289E44 /* Wheater */;
			targetProxy = AC567F5720D2744F00289E44 /* PBXContainerItemProxy */;
		};
		AC567F6320D2744F00289E44 /* PBXTargetDependency */ = {
			isa = PBXTargetDependency;
			target = AC567F4120D2744D00289E44 /* Wheater */;
			targetProxy = AC567F6220D2744F00289E44 /* PBXContainerItemProxy */;
		};
/* End PBXTargetDependency section */

/* Begin PBXVariantGroup section */
		AC567F4920D2744D00289E44 /* Main.storyboard */ = {
			isa = PBXVariantGroup;
			children = (
				AC567F4A20D2744D00289E44 /* Base */,
			);
			name = Main.storyboard;
			sourceTree = "<group>";
		};
/* End PBXVariantGroup section */

/* Begin XCBuildConfiguration section */
		AC567F6820D2744F00289E44 /* Debug */ = {
			isa = XCBuildConfiguration;
			buildSettings = {
				ALWAYS_SEARCH_USER_PATHS = NO;
				CLANG_ANALYZER_NONNULL = YES;
				CLANG_ANALYZER_NUMBER_OBJECT_CONVERSION = YES_AGGRESSIVE;
				CLANG_CXX_LANGUAGE_STANDARD = "gnu++14";
				CLANG_CXX_LIBRARY = "libc++";
				CLANG_ENABLE_MODULES = YES;
				CLANG_ENABLE_OBJC_ARC = YES;
				CLANG_ENABLE_OBJC_WEAK = YES;
				CLANG_WARN_BLOCK_CAPTURE_AUTORELEASING = YES;
				CLANG_WARN_BOOL_CONVERSION = YES;
				CLANG_WARN_COMMA = YES;
				CLANG_WARN_CONSTANT_CONVERSION = YES;
				CLANG_WARN_DEPRECATED_OBJC_IMPLEMENTATIONS = YES;
				CLANG_WARN_DIRECT_OBJC_ISA_USAGE = YES_ERROR;
				CLANG_WARN_DOCUMENTATION_COMMENTS = YES;
				CLANG_WARN_EMPTY_BODY = YES;
				CLANG_WARN_ENUM_CONVERSION = YES;
				CLANG_WARN_INFINITE_RECURSION = YES;
				CLANG_WARN_INT_CONVERSION = YES;
				CLANG_WARN_NON_LITERAL_NULL_CONVERSION = YES;
				CLANG_WARN_OBJC_IMPLICIT_RETAIN_SELF = YES;
				CLANG_WARN_OBJC_LITERAL_CONVERSION = YES;
				CLANG_WARN_OBJC_ROOT_CLASS = YES_ERROR;
				CLANG_WARN_RANGE_LOOP_ANALYSIS = YES;
				CLANG_WARN_STRICT_PROTOTYPES = YES;
				CLANG_WARN_SUSPICIOUS_MOVE = YES;
				CLANG_WARN_UNGUARDED_AVAILABILITY = YES_AGGRESSIVE;
				CLANG_WARN_UNREACHABLE_CODE = YES;
				CLANG_WARN__DUPLICATE_METHOD_MATCH = YES;
				CODE_SIGN_IDENTITY = "iPhone Developer";
				COPY_PHASE_STRIP = NO;
				DEBUG_INFORMATION_FORMAT = dwarf;
				ENABLE_STRICT_OBJC_MSGSEND = YES;
				ENABLE_TESTABILITY = YES;
				GCC_C_LANGUAGE_STANDARD = gnu11;
				GCC_DYNAMIC_NO_PIC = NO;
				GCC_NO_COMMON_BLOCKS = YES;
				GCC_OPTIMIZATION_LEVEL = 0;
				GCC_PREPROCESSOR_DEFINITIONS = (
					"DEBUG=1",
					"$(inherited)",
				);
				GCC_WARN_64_TO_32_BIT_CONVERSION = YES;
				GCC_WARN_ABOUT_RETURN_TYPE = YES_ERROR;
				GCC_WARN_UNDECLARED_SELECTOR = YES;
				GCC_WARN_UNINITIALIZED_AUTOS = YES_AGGRESSIVE;
				GCC_WARN_UNUSED_FUNCTION = YES;
				GCC_WARN_UNUSED_VARIABLE = YES;
				IPHONEOS_DEPLOYMENT_TARGET = 11.4;
				MTL_ENABLE_DEBUG_INFO = YES;
				ONLY_ACTIVE_ARCH = YES;
				SDKROOT = iphoneos;
				SWIFT_ACTIVE_COMPILATION_CONDITIONS = DEBUG;
				SWIFT_OPTIMIZATION_LEVEL = "-Onone";
			};
			name = Debug;
		};
		AC567F6920D2744F00289E44 /* Release */ = {
			isa = XCBuildConfiguration;
			buildSettings = {
				ALWAYS_SEARCH_USER_PATHS = NO;
				CLANG_ANALYZER_NONNULL = YES;
				CLANG_ANALYZER_NUMBER_OBJECT_CONVERSION = YES_AGGRESSIVE;
				CLANG_CXX_LANGUAGE_STANDARD = "gnu++14";
				CLANG_CXX_LIBRARY = "libc++";
				CLANG_ENABLE_MODULES = YES;
				CLANG_ENABLE_OBJC_ARC = YES;
				CLANG_ENABLE_OBJC_WEAK = YES;
				CLANG_WARN_BLOCK_CAPTURE_AUTORELEASING = YES;
				CLANG_WARN_BOOL_CONVERSION = YES;
				CLANG_WARN_COMMA = YES;
				CLANG_WARN_CONSTANT_CONVERSION = YES;
				CLANG_WARN_DEPRECATED_OBJC_IMPLEMENTATIONS = YES;
				CLANG_WARN_DIRECT_OBJC_ISA_USAGE = YES_ERROR;
				CLANG_WARN_DOCUMENTATION_COMMENTS = YES;
				CLANG_WARN_EMPTY_BODY = YES;
				CLANG_WARN_ENUM_CONVERSION = YES;
				CLANG_WARN_INFINITE_RECURSION = YES;
				CLANG_WARN_INT_CONVERSION = YES;
				CLANG_WARN_NON_LITERAL_NULL_CONVERSION = YES;
				CLANG_WARN_OBJC_IMPLICIT_RETAIN_SELF = YES;
				CLANG_WARN_OBJC_LITERAL_CONVERSION = YES;
				CLANG_WARN_OBJC_ROOT_CLASS = YES_ERROR;
				CLANG_WARN_RANGE_LOOP_ANALYSIS = YES;
				CLANG_WARN_STRICT_PROTOTYPES = YES;
				CLANG_WARN_SUSPICIOUS_MOVE = YES;
				CLANG_WARN_UNGUARDED_AVAILABILITY = YES_AGGRESSIVE;
				CLANG_WARN_UNREACHABLE_CODE = YES;
				CLANG_WARN__DUPLICATE_METHOD_MATCH = YES;
				CODE_SIGN_IDENTITY = "iPhone Developer";
				COPY_PHASE_STRIP = NO;
				DEBUG_INFORMATION_FORMAT = "dwarf-with-dsym";
				ENABLE_NS_ASSERTIONS = NO;
				ENABLE_STRICT_OBJC_MSGSEND = YES;
				GCC_C_LANGUAGE_STANDARD = gnu11;
				GCC_NO_COMMON_BLOCKS = YES;
				GCC_WARN_64_TO_32_BIT_CONVERSION = YES;
				GCC_WARN_ABOUT_RETURN_TYPE = YES_ERROR;
				GCC_WARN_UNDECLARED_SELECTOR = YES;
				GCC_WARN_UNINITIALIZED_AUTOS = YES_AGGRESSIVE;
				GCC_WARN_UNUSED_FUNCTION = YES;
				GCC_WARN_UNUSED_VARIABLE = YES;
				IPHONEOS_DEPLOYMENT_TARGET = 11.4;
				MTL_ENABLE_DEBUG_INFO = NO;
				SDKROOT = iphoneos;
				SWIFT_COMPILATION_MODE = wholemodule;
				SWIFT_OPTIMIZATION_LEVEL = "-O";
				VALIDATE_PRODUCT = YES;
			};
			name = Release;
		};
		AC567F6B20D2744F00289E44 /* Debug */ = {
			isa = XCBuildConfiguration;
			baseConfigurationReference = 82B3B50792662BCCB0F31762 /* Pods-Wheater.debug.xcconfig */;
			buildSettings = {
				ASSETCATALOG_COMPILER_APPICON_NAME = AppIcon;
				CODE_SIGN_STYLE = Automatic;
				INFOPLIST_FILE = Wheater/Info.plist;
				LD_RUNPATH_SEARCH_PATHS = (
					"$(inherited)",
					"@executable_path/Frameworks",
				);
				PRODUCT_BUNDLE_IDENTIFIER = com.skobka.Wheater;
				PRODUCT_NAME = "$(TARGET_NAME)";
				SWIFT_VERSION = 4.0;
				TARGETED_DEVICE_FAMILY = "1,2";
			};
			name = Debug;
		};
		AC567F6C20D2744F00289E44 /* Release */ = {
			isa = XCBuildConfiguration;
			baseConfigurationReference = 166093843535806072DAAE4B /* Pods-Wheater.release.xcconfig */;
			buildSettings = {
				ASSETCATALOG_COMPILER_APPICON_NAME = AppIcon;
				CODE_SIGN_STYLE = Automatic;
				INFOPLIST_FILE = Wheater/Info.plist;
				LD_RUNPATH_SEARCH_PATHS = (
					"$(inherited)",
					"@executable_path/Frameworks",
				);
				PRODUCT_BUNDLE_IDENTIFIER = com.skobka.Wheater;
				PRODUCT_NAME = "$(TARGET_NAME)";
				SWIFT_VERSION = 4.0;
				TARGETED_DEVICE_FAMILY = "1,2";
			};
			name = Release;
		};
		AC567F6E20D2744F00289E44 /* Debug */ = {
			isa = XCBuildConfiguration;
			baseConfigurationReference = 1B2957B4F15F3A630C603488 /* Pods-WheaterTests.debug.xcconfig */;
			buildSettings = {
				ALWAYS_EMBED_SWIFT_STANDARD_LIBRARIES = YES;
				BUNDLE_LOADER = "$(TEST_HOST)";
				CODE_SIGN_STYLE = Automatic;
				INFOPLIST_FILE = WheaterTests/Info.plist;
				LD_RUNPATH_SEARCH_PATHS = (
					"$(inherited)",
					"@executable_path/Frameworks",
					"@loader_path/Frameworks",
				);
				PRODUCT_BUNDLE_IDENTIFIER = com.skobka.WheaterTests;
				PRODUCT_NAME = "$(TARGET_NAME)";
				SWIFT_VERSION = 4.0;
				TARGETED_DEVICE_FAMILY = "1,2";
				TEST_HOST = "$(BUILT_PRODUCTS_DIR)/Wheater.app/Wheater";
			};
			name = Debug;
		};
		AC567F6F20D2744F00289E44 /* Release */ = {
			isa = XCBuildConfiguration;
			baseConfigurationReference = 9896606AC26824378B5071AD /* Pods-WheaterTests.release.xcconfig */;
			buildSettings = {
				ALWAYS_EMBED_SWIFT_STANDARD_LIBRARIES = YES;
				BUNDLE_LOADER = "$(TEST_HOST)";
				CODE_SIGN_STYLE = Automatic;
				INFOPLIST_FILE = WheaterTests/Info.plist;
				LD_RUNPATH_SEARCH_PATHS = (
					"$(inherited)",
					"@executable_path/Frameworks",
					"@loader_path/Frameworks",
				);
				PRODUCT_BUNDLE_IDENTIFIER = com.skobka.WheaterTests;
				PRODUCT_NAME = "$(TARGET_NAME)";
				SWIFT_VERSION = 4.0;
				TARGETED_DEVICE_FAMILY = "1,2";
				TEST_HOST = "$(BUILT_PRODUCTS_DIR)/Wheater.app/Wheater";
			};
			name = Release;
		};
		AC567F7120D2744F00289E44 /* Debug */ = {
			isa = XCBuildConfiguration;
			baseConfigurationReference = 5C92611F6353FE5FBAF3C63D /* Pods-WheaterUITests.debug.xcconfig */;
			buildSettings = {
				ALWAYS_EMBED_SWIFT_STANDARD_LIBRARIES = YES;
				CODE_SIGN_STYLE = Automatic;
				INFOPLIST_FILE = WheaterUITests/Info.plist;
				LD_RUNPATH_SEARCH_PATHS = (
					"$(inherited)",
					"@executable_path/Frameworks",
					"@loader_path/Frameworks",
				);
				PRODUCT_BUNDLE_IDENTIFIER = com.skobka.WheaterUITests;
				PRODUCT_NAME = "$(TARGET_NAME)";
				SWIFT_VERSION = 4.0;
				TARGETED_DEVICE_FAMILY = "1,2";
				TEST_TARGET_NAME = Wheater;
			};
			name = Debug;
		};
		AC567F7220D2744F00289E44 /* Release */ = {
			isa = XCBuildConfiguration;
			baseConfigurationReference = 6ECDD41D56C6070A6E0D2981 /* Pods-WheaterUITests.release.xcconfig */;
			buildSettings = {
				ALWAYS_EMBED_SWIFT_STANDARD_LIBRARIES = YES;
				CODE_SIGN_STYLE = Automatic;
				INFOPLIST_FILE = WheaterUITests/Info.plist;
				LD_RUNPATH_SEARCH_PATHS = (
					"$(inherited)",
					"@executable_path/Frameworks",
					"@loader_path/Frameworks",
				);
				PRODUCT_BUNDLE_IDENTIFIER = com.skobka.WheaterUITests;
				PRODUCT_NAME = "$(TARGET_NAME)";
				SWIFT_VERSION = 4.0;
				TARGETED_DEVICE_FAMILY = "1,2";
				TEST_TARGET_NAME = Wheater;
			};
			name = Release;
		};
/* End XCBuildConfiguration section */

/* Begin XCConfigurationList section */
		AC567F3D20D2744D00289E44 /* Build configuration list for PBXProject "Wheater" */ = {
			isa = XCConfigurationList;
			buildConfigurations = (
				AC567F6820D2744F00289E44 /* Debug */,
				AC567F6920D2744F00289E44 /* Release */,
			);
			defaultConfigurationIsVisible = 0;
			defaultConfigurationName = Release;
		};
		AC567F6A20D2744F00289E44 /* Build configuration list for PBXNativeTarget "Wheater" */ = {
			isa = XCConfigurationList;
			buildConfigurations = (
				AC567F6B20D2744F00289E44 /* Debug */,
				AC567F6C20D2744F00289E44 /* Release */,
			);
			defaultConfigurationIsVisible = 0;
			defaultConfigurationName = Release;
		};
		AC567F6D20D2744F00289E44 /* Build configuration list for PBXNativeTarget "WheaterTests" */ = {
			isa = XCConfigurationList;
			buildConfigurations = (
				AC567F6E20D2744F00289E44 /* Debug */,
				AC567F6F20D2744F00289E44 /* Release */,
			);
			defaultConfigurationIsVisible = 0;
			defaultConfigurationName = Release;
		};
		AC567F7020D2744F00289E44 /* Build configuration list for PBXNativeTarget "WheaterUITests" */ = {
			isa = XCConfigurationList;
			buildConfigurations = (
				AC567F7120D2744F00289E44 /* Debug */,
				AC567F7220D2744F00289E44 /* Release */,
			);
			defaultConfigurationIsVisible = 0;
			defaultConfigurationName = Release;
		};
/* End XCConfigurationList section */
	};
	rootObject = AC567F3A20D2744D00289E44 /* Project object */;
}
